// !$*UTF8*$!
{
	archiveVersion = 1;
	classes = {
	};
	objectVersion = 56;
	objects = {

/* Begin PBXBuildFile section */
		1102F9912B563DA0009FA539 /* KeychainHelper.swift in Sources */ = {isa = PBXBuildFile; fileRef = 1102F9902B563DA0009FA539 /* KeychainHelper.swift */; };
		1102F9932B5D49DC009FA539 /* SelectCategoryViewController.swift in Sources */ = {isa = PBXBuildFile; fileRef = 1102F9922B5D49DC009FA539 /* SelectCategoryViewController.swift */; };
		1107A3A32B29DF16009B1C51 /* SignUpEmailViewController.swift in Sources */ = {isa = PBXBuildFile; fileRef = 1107A3A22B29DF16009B1C51 /* SignUpEmailViewController.swift */; };
		1107A3A52B2B327A009B1C51 /* SignUpPasswordViewController.swift in Sources */ = {isa = PBXBuildFile; fileRef = 1107A3A42B2B327A009B1C51 /* SignUpPasswordViewController.swift */; };
		1107A3A72B2B32D4009B1C51 /* SignUpInformationViewController.swift in Sources */ = {isa = PBXBuildFile; fileRef = 1107A3A62B2B32D4009B1C51 /* SignUpInformationViewController.swift */; };
		1107A3A92B2D894C009B1C51 /* LoginManager.swift in Sources */ = {isa = PBXBuildFile; fileRef = 1107A3A82B2D894C009B1C51 /* LoginManager.swift */; };
		1107A3AB2B2D8985009B1C51 /* Login.swift in Sources */ = {isa = PBXBuildFile; fileRef = 1107A3AA2B2D8985009B1C51 /* Login.swift */; };
		1107A3B12B301024009B1C51 /* Alamofire in Frameworks */ = {isa = PBXBuildFile; productRef = 1107A3B02B301024009B1C51 /* Alamofire */; };
		1107A3EA2B3AAF7C009B1C51 /* PasswordResetManager.swift in Sources */ = {isa = PBXBuildFile; fileRef = 1107A3E92B3AAF7C009B1C51 /* PasswordResetManager.swift */; };
		1107A3F22B3FF026009B1C51 /* OurryNetworkTests.swift in Sources */ = {isa = PBXBuildFile; fileRef = 1107A3F12B3FF026009B1C51 /* OurryNetworkTests.swift */; };
		1107A3F92B42C9D4009B1C51 /* MockURLProtocol.swift in Sources */ = {isa = PBXBuildFile; fileRef = 1107A3F82B42C9D4009B1C51 /* MockURLProtocol.swift */; };
		1107A4012B42E6D5009B1C51 /* mock_signup.json in Resources */ = {isa = PBXBuildFile; fileRef = 1107A3FF2B42E6B6009B1C51 /* mock_signup.json */; };
		1107A4022B42E6E0009B1C51 /* mock_signup.json in Resources */ = {isa = PBXBuildFile; fileRef = 1107A3FF2B42E6B6009B1C51 /* mock_signup.json */; };
		1107A4042B42E74A009B1C51 /* mock_m001.json in Resources */ = {isa = PBXBuildFile; fileRef = 1107A4032B42E74A009B1C51 /* mock_m001.json */; };
		1107A4062B42E79B009B1C51 /* mock_login.json in Resources */ = {isa = PBXBuildFile; fileRef = 1107A4052B42E79B009B1C51 /* mock_login.json */; };
		1107A4082B42E7B4009B1C51 /* mock_m002.json in Resources */ = {isa = PBXBuildFile; fileRef = 1107A4072B42E7B4009B1C51 /* mock_m002.json */; };
		1107A40A2B42E7C6009B1C51 /* mock_m003.json in Resources */ = {isa = PBXBuildFile; fileRef = 1107A4092B42E7C6009B1C51 /* mock_m003.json */; };
		1107A40C2B42E7CF009B1C51 /* mock_m004.json in Resources */ = {isa = PBXBuildFile; fileRef = 1107A40B2B42E7CF009B1C51 /* mock_m004.json */; };
		1107A40E2B42E811009B1C51 /* mock_authRequest.json in Resources */ = {isa = PBXBuildFile; fileRef = 1107A40D2B42E811009B1C51 /* mock_authRequest.json */; };
		1107A4102B42E835009B1C51 /* mock_authCheck.json in Resources */ = {isa = PBXBuildFile; fileRef = 1107A40F2B42E835009B1C51 /* mock_authCheck.json */; };
		1107A4122B42E856009B1C51 /* mock_m006.json in Resources */ = {isa = PBXBuildFile; fileRef = 1107A4112B42E856009B1C51 /* mock_m006.json */; };
		1107A4142B42E868009B1C51 /* mock_m007.json in Resources */ = {isa = PBXBuildFile; fileRef = 1107A4132B42E868009B1C51 /* mock_m007.json */; };
		1107A4162B42E892009B1C51 /* mock_pwReset.json in Resources */ = {isa = PBXBuildFile; fileRef = 1107A4152B42E892009B1C51 /* mock_pwReset.json */; };
		1107A4182B42E8A6009B1C51 /* mock_m005.json in Resources */ = {isa = PBXBuildFile; fileRef = 1107A4172B42E8A6009B1C51 /* mock_m005.json */; };
		112BB60C2BD3768B0077C2D7 /* Then in Frameworks */ = {isa = PBXBuildFile; productRef = 112BB60B2BD3768B0077C2D7 /* Then */; };
		112BB61F2BD3C4590077C2D7 /* UITableView+Extention.swift in Sources */ = {isa = PBXBuildFile; fileRef = 112BB61E2BD3C4590077C2D7 /* UITableView+Extention.swift */; };
		115E26522B1618BE00FCBEE8 /* AppDelegate.swift in Sources */ = {isa = PBXBuildFile; fileRef = 115E26512B1618BE00FCBEE8 /* AppDelegate.swift */; };
		115E26542B1618BE00FCBEE8 /* SceneDelegate.swift in Sources */ = {isa = PBXBuildFile; fileRef = 115E26532B1618BE00FCBEE8 /* SceneDelegate.swift */; };
		115E26562B1618BE00FCBEE8 /* LoginViewController.swift in Sources */ = {isa = PBXBuildFile; fileRef = 115E26552B1618BE00FCBEE8 /* LoginViewController.swift */; };
		115E265B2B1618C000FCBEE8 /* Assets.xcassets in Resources */ = {isa = PBXBuildFile; fileRef = 115E265A2B1618C000FCBEE8 /* Assets.xcassets */; };
		115E265E2B1618C000FCBEE8 /* LaunchScreen.storyboard in Resources */ = {isa = PBXBuildFile; fileRef = 115E265C2B1618C000FCBEE8 /* LaunchScreen.storyboard */; };
		115E266A2B161BFE00FCBEE8 /* Color+Extention.swift in Sources */ = {isa = PBXBuildFile; fileRef = 115E26692B161BFE00FCBEE8 /* Color+Extention.swift */; };
		115E266D2B161EA300FCBEE8 /* SnapKit in Frameworks */ = {isa = PBXBuildFile; productRef = 115E266C2B161EA300FCBEE8 /* SnapKit */; };
		11793E552B188321008FC22C /* User.swift in Sources */ = {isa = PBXBuildFile; fileRef = 11793E542B188321008FC22C /* User.swift */; };
		11793E5B2B1883AB008FC22C /* LoginViewModel.swift in Sources */ = {isa = PBXBuildFile; fileRef = 11793E5A2B1883AB008FC22C /* LoginViewModel.swift */; };
		11793E5D2B188459008FC22C /* UIViewController+Extention.swift in Sources */ = {isa = PBXBuildFile; fileRef = 11793E5C2B188459008FC22C /* UIViewController+Extention.swift */; };
		11793E5F2B1885BF008FC22C /* BlueShadowTextField.swift in Sources */ = {isa = PBXBuildFile; fileRef = 11793E5E2B1885BF008FC22C /* BlueShadowTextField.swift */; };
		11793E612B188610008FC22C /* PlaneTextField.swift in Sources */ = {isa = PBXBuildFile; fileRef = 11793E602B188610008FC22C /* PlaneTextField.swift */; };
		11793E742B22F160008FC22C /* LoginNextButton.swift in Sources */ = {isa = PBXBuildFile; fileRef = 11793E732B22F160008FC22C /* LoginNextButton.swift */; };
		11793E762B24AF80008FC22C /* PasswordResetEmailVerificationViewController.swift in Sources */ = {isa = PBXBuildFile; fileRef = 11793E752B24AF80008FC22C /* PasswordResetEmailVerificationViewController.swift */; };
		11793E782B24B47B008FC22C /* LoginBackButton.swift in Sources */ = {isa = PBXBuildFile; fileRef = 11793E772B24B47B008FC22C /* LoginBackButton.swift */; };
		11793E7C2B25A40D008FC22C /* PasswordResetNewPasswordViewController.swift in Sources */ = {isa = PBXBuildFile; fileRef = 11793E7B2B25A40D008FC22C /* PasswordResetNewPasswordViewController.swift */; };
		119177D82B7E000500A3A4F9 /* EmailVerificationViewModel.swift in Sources */ = {isa = PBXBuildFile; fileRef = 119177D72B7E000500A3A4F9 /* EmailVerificationViewModel.swift */; };
		119177DA2B7FD14300A3A4F9 /* CreateAccountViewModel.swift in Sources */ = {isa = PBXBuildFile; fileRef = 119177D92B7FD14300A3A4F9 /* CreateAccountViewModel.swift */; };
		119177DC2B80A81B00A3A4F9 /* PasswordResetViewModel.swift in Sources */ = {isa = PBXBuildFile; fileRef = 119177DB2B80A81B00A3A4F9 /* PasswordResetViewModel.swift */; };
		119177DE2B80D93A00A3A4F9 /* CreateAccountManager.swift in Sources */ = {isa = PBXBuildFile; fileRef = 119177DD2B80D93A00A3A4F9 /* CreateAccountManager.swift */; };
		119177E72B84DF9700A3A4F9 /* Endpoint.swift in Sources */ = {isa = PBXBuildFile; fileRef = 119177E62B84DF9700A3A4F9 /* Endpoint.swift */; };
		11B0FCE72B483B8600971F9A /* MainViewController.swift in Sources */ = {isa = PBXBuildFile; fileRef = 11B0FCE62B483B8600971F9A /* MainViewController.swift */; };
		11B0FCE92B492F5600971F9A /* MainTitleView.swift in Sources */ = {isa = PBXBuildFile; fileRef = 11B0FCE82B492F5600971F9A /* MainTitleView.swift */; };
		11B0FCF82B4FD04D00971F9A /* QuestionTableCell.swift in Sources */ = {isa = PBXBuildFile; fileRef = 11B0FCF72B4FD04D00971F9A /* QuestionTableCell.swift */; };
		11B0FCFA2B4FD07700971F9A /* CategoryCell.swift in Sources */ = {isa = PBXBuildFile; fileRef = 11B0FCF92B4FD07700971F9A /* CategoryCell.swift */; };
		11B0FCFC2B4FD0D200971F9A /* Date+Extention.swift in Sources */ = {isa = PBXBuildFile; fileRef = 11B0FCFB2B4FD0D200971F9A /* Date+Extention.swift */; };
		11B0FCFE2B4FDA4C00971F9A /* IconTextView.swift in Sources */ = {isa = PBXBuildFile; fileRef = 11B0FCFD2B4FDA4C00971F9A /* IconTextView.swift */; };
		11B0FD002B527CC900971F9A /* AddQuestionViewController.swift in Sources */ = {isa = PBXBuildFile; fileRef = 11B0FCFF2B527CC900971F9A /* AddQuestionViewController.swift */; };
		11B9F3662C10532D008E7597 /* Choice.swift in Sources */ = {isa = PBXBuildFile; fileRef = 11B9F3652C10532D008E7597 /* Choice.swift */; };
		11B9F3692C105B47008E7597 /* QuestionDetailViewController.swift in Sources */ = {isa = PBXBuildFile; fileRef = 11B9F3682C105B47008E7597 /* QuestionDetailViewController.swift */; };
		11B9F36C2C105BB3008E7597 /* PostCell.swift in Sources */ = {isa = PBXBuildFile; fileRef = 11B9F36B2C105BB3008E7597 /* PostCell.swift */; };
		11B9F36E2C105BD6008E7597 /* ChartHeaderCell.swift in Sources */ = {isa = PBXBuildFile; fileRef = 11B9F36D2C105BD6008E7597 /* ChartHeaderCell.swift */; };
		11B9F3702C105C09008E7597 /* ChartBarCell.swift in Sources */ = {isa = PBXBuildFile; fileRef = 11B9F36F2C105C09008E7597 /* ChartBarCell.swift */; };
		11B9F3722C105C31008E7597 /* CommentsHeaderCell.swift in Sources */ = {isa = PBXBuildFile; fileRef = 11B9F3712C105C31008E7597 /* CommentsHeaderCell.swift */; };
		11B9F3742C105D45008E7597 /* ReplyTextFieldCell.swift in Sources */ = {isa = PBXBuildFile; fileRef = 11B9F3732C105D45008E7597 /* ReplyTextFieldCell.swift */; };
		11B9F3762C105EAD008E7597 /* ModalViewController.swift in Sources */ = {isa = PBXBuildFile; fileRef = 11B9F3752C105EAD008E7597 /* ModalViewController.swift */; };
		11B9F3782C105EE2008E7597 /* SolutionCell.swift in Sources */ = {isa = PBXBuildFile; fileRef = 11B9F3772C105EE2008E7597 /* SolutionCell.swift */; };
		11B9F37A2C105EFD008E7597 /* ReplyCell.swift in Sources */ = {isa = PBXBuildFile; fileRef = 11B9F3792C105EFD008E7597 /* ReplyCell.swift */; };
		11C807D52BA57DE400978CBA /* Ourry-Info.plist in Resources */ = {isa = PBXBuildFile; fileRef = 11C807D42BA57DE400978CBA /* Ourry-Info.plist */; };
		11C807D82BA58F8200978CBA /* APIKey.swift in Sources */ = {isa = PBXBuildFile; fileRef = 11C807D72BA58F8200978CBA /* APIKey.swift */; };
		11C807DA2BA5927100978CBA /* MainViewModel.swift in Sources */ = {isa = PBXBuildFile; fileRef = 11C807D92BA5927100978CBA /* MainViewModel.swift */; };
		11C807DC2BA5961500978CBA /* ErrorResponse.swift in Sources */ = {isa = PBXBuildFile; fileRef = 11C807DB2BA5961500978CBA /* ErrorResponse.swift */; };
		11C807DE2BA5972300978CBA /* QuestionInfo.swift in Sources */ = {isa = PBXBuildFile; fileRef = 11C807DD2BA5972300978CBA /* QuestionInfo.swift */; };
		11C807E12BA5B04100978CBA /* CommentDivider.swift in Sources */ = {isa = PBXBuildFile; fileRef = 11C807E02BA5B04100978CBA /* CommentDivider.swift */; };
		11C807E32BA5B46100978CBA /* QuestionDetail.swift in Sources */ = {isa = PBXBuildFile; fileRef = 11C807E22BA5B46100978CBA /* QuestionDetail.swift */; };
		11E934282BE8F53E00B43F24 /* QuestionData.swift in Sources */ = {isa = PBXBuildFile; fileRef = 11E934272BE8F53E00B43F24 /* QuestionData.swift */; };
		11E9342A2BE8F65500B43F24 /* AddQuestionViewModel.swift in Sources */ = {isa = PBXBuildFile; fileRef = 11E934292BE8F65500B43F24 /* AddQuestionViewModel.swift */; };
/* End PBXBuildFile section */

/* Begin PBXContainerItemProxy section */
		1107A3F32B3FF026009B1C51 /* PBXContainerItemProxy */ = {
			isa = PBXContainerItemProxy;
			containerPortal = 115E26462B1618BE00FCBEE8 /* Project object */;
			proxyType = 1;
			remoteGlobalIDString = 115E264D2B1618BE00FCBEE8;
			remoteInfo = Ourry;
		};
/* End PBXContainerItemProxy section */

/* Begin PBXFileReference section */
		1102F9902B563DA0009FA539 /* KeychainHelper.swift */ = {isa = PBXFileReference; lastKnownFileType = sourcecode.swift; path = KeychainHelper.swift; sourceTree = "<group>"; };
		1102F9922B5D49DC009FA539 /* SelectCategoryViewController.swift */ = {isa = PBXFileReference; lastKnownFileType = sourcecode.swift; path = SelectCategoryViewController.swift; sourceTree = "<group>"; };
		1107A3A22B29DF16009B1C51 /* SignUpEmailViewController.swift */ = {isa = PBXFileReference; lastKnownFileType = sourcecode.swift; path = SignUpEmailViewController.swift; sourceTree = "<group>"; };
		1107A3A42B2B327A009B1C51 /* SignUpPasswordViewController.swift */ = {isa = PBXFileReference; lastKnownFileType = sourcecode.swift; path = SignUpPasswordViewController.swift; sourceTree = "<group>"; };
		1107A3A62B2B32D4009B1C51 /* SignUpInformationViewController.swift */ = {isa = PBXFileReference; lastKnownFileType = sourcecode.swift; path = SignUpInformationViewController.swift; sourceTree = "<group>"; };
		1107A3A82B2D894C009B1C51 /* LoginManager.swift */ = {isa = PBXFileReference; lastKnownFileType = sourcecode.swift; path = LoginManager.swift; sourceTree = "<group>"; };
		1107A3AA2B2D8985009B1C51 /* Login.swift */ = {isa = PBXFileReference; lastKnownFileType = sourcecode.swift; path = Login.swift; sourceTree = "<group>"; };
		1107A3E92B3AAF7C009B1C51 /* PasswordResetManager.swift */ = {isa = PBXFileReference; lastKnownFileType = sourcecode.swift; path = PasswordResetManager.swift; sourceTree = "<group>"; };
		1107A3EF2B3FF026009B1C51 /* OurryNetworkTests.xctest */ = {isa = PBXFileReference; explicitFileType = wrapper.cfbundle; includeInIndex = 0; path = OurryNetworkTests.xctest; sourceTree = BUILT_PRODUCTS_DIR; };
		1107A3F12B3FF026009B1C51 /* OurryNetworkTests.swift */ = {isa = PBXFileReference; lastKnownFileType = sourcecode.swift; path = OurryNetworkTests.swift; sourceTree = "<group>"; };
		1107A3F82B42C9D4009B1C51 /* MockURLProtocol.swift */ = {isa = PBXFileReference; lastKnownFileType = sourcecode.swift; path = MockURLProtocol.swift; sourceTree = "<group>"; };
		1107A3FF2B42E6B6009B1C51 /* mock_signup.json */ = {isa = PBXFileReference; lastKnownFileType = text.json; path = mock_signup.json; sourceTree = "<group>"; };
		1107A4032B42E74A009B1C51 /* mock_m001.json */ = {isa = PBXFileReference; lastKnownFileType = text.json; path = mock_m001.json; sourceTree = "<group>"; };
		1107A4052B42E79B009B1C51 /* mock_login.json */ = {isa = PBXFileReference; lastKnownFileType = text.json; path = mock_login.json; sourceTree = "<group>"; };
		1107A4072B42E7B4009B1C51 /* mock_m002.json */ = {isa = PBXFileReference; lastKnownFileType = text.json; path = mock_m002.json; sourceTree = "<group>"; };
		1107A4092B42E7C6009B1C51 /* mock_m003.json */ = {isa = PBXFileReference; lastKnownFileType = text.json; path = mock_m003.json; sourceTree = "<group>"; };
		1107A40B2B42E7CF009B1C51 /* mock_m004.json */ = {isa = PBXFileReference; lastKnownFileType = text.json; path = mock_m004.json; sourceTree = "<group>"; };
		1107A40D2B42E811009B1C51 /* mock_authRequest.json */ = {isa = PBXFileReference; lastKnownFileType = text.json; path = mock_authRequest.json; sourceTree = "<group>"; };
		1107A40F2B42E835009B1C51 /* mock_authCheck.json */ = {isa = PBXFileReference; lastKnownFileType = text.json; path = mock_authCheck.json; sourceTree = "<group>"; };
		1107A4112B42E856009B1C51 /* mock_m006.json */ = {isa = PBXFileReference; lastKnownFileType = text.json; path = mock_m006.json; sourceTree = "<group>"; };
		1107A4132B42E868009B1C51 /* mock_m007.json */ = {isa = PBXFileReference; lastKnownFileType = text.json; path = mock_m007.json; sourceTree = "<group>"; };
		1107A4152B42E892009B1C51 /* mock_pwReset.json */ = {isa = PBXFileReference; lastKnownFileType = text.json; path = mock_pwReset.json; sourceTree = "<group>"; };
		1107A4172B42E8A6009B1C51 /* mock_m005.json */ = {isa = PBXFileReference; lastKnownFileType = text.json; path = mock_m005.json; sourceTree = "<group>"; };
		112BB61E2BD3C4590077C2D7 /* UITableView+Extention.swift */ = {isa = PBXFileReference; lastKnownFileType = sourcecode.swift; path = "UITableView+Extention.swift"; sourceTree = "<group>"; };
		115E264E2B1618BE00FCBEE8 /* Ourry.app */ = {isa = PBXFileReference; explicitFileType = wrapper.application; includeInIndex = 0; path = Ourry.app; sourceTree = BUILT_PRODUCTS_DIR; };
		115E26512B1618BE00FCBEE8 /* AppDelegate.swift */ = {isa = PBXFileReference; lastKnownFileType = sourcecode.swift; path = AppDelegate.swift; sourceTree = "<group>"; };
		115E26532B1618BE00FCBEE8 /* SceneDelegate.swift */ = {isa = PBXFileReference; lastKnownFileType = sourcecode.swift; path = SceneDelegate.swift; sourceTree = "<group>"; };
		115E26552B1618BE00FCBEE8 /* LoginViewController.swift */ = {isa = PBXFileReference; lastKnownFileType = sourcecode.swift; path = LoginViewController.swift; sourceTree = "<group>"; };
		115E265A2B1618C000FCBEE8 /* Assets.xcassets */ = {isa = PBXFileReference; lastKnownFileType = folder.assetcatalog; path = Assets.xcassets; sourceTree = "<group>"; };
		115E265D2B1618C000FCBEE8 /* Base */ = {isa = PBXFileReference; lastKnownFileType = file.storyboard; name = Base; path = Base.lproj/LaunchScreen.storyboard; sourceTree = "<group>"; };
		115E265F2B1618C000FCBEE8 /* Info.plist */ = {isa = PBXFileReference; lastKnownFileType = text.plist.xml; path = Info.plist; sourceTree = "<group>"; };
		115E26662B1618E800FCBEE8 /* ko */ = {isa = PBXFileReference; lastKnownFileType = text.plist.strings; name = ko; path = ko.lproj/LaunchScreen.strings; sourceTree = "<group>"; };
		115E26692B161BFE00FCBEE8 /* Color+Extention.swift */ = {isa = PBXFileReference; lastKnownFileType = sourcecode.swift; path = "Color+Extention.swift"; sourceTree = "<group>"; };
		11793E542B188321008FC22C /* User.swift */ = {isa = PBXFileReference; lastKnownFileType = sourcecode.swift; path = User.swift; sourceTree = "<group>"; };
		11793E5A2B1883AB008FC22C /* LoginViewModel.swift */ = {isa = PBXFileReference; lastKnownFileType = sourcecode.swift; path = LoginViewModel.swift; sourceTree = "<group>"; };
		11793E5C2B188459008FC22C /* UIViewController+Extention.swift */ = {isa = PBXFileReference; lastKnownFileType = sourcecode.swift; path = "UIViewController+Extention.swift"; sourceTree = "<group>"; };
		11793E5E2B1885BF008FC22C /* BlueShadowTextField.swift */ = {isa = PBXFileReference; lastKnownFileType = sourcecode.swift; path = BlueShadowTextField.swift; sourceTree = "<group>"; };
		11793E602B188610008FC22C /* PlaneTextField.swift */ = {isa = PBXFileReference; lastKnownFileType = sourcecode.swift; path = PlaneTextField.swift; sourceTree = "<group>"; };
		11793E732B22F160008FC22C /* LoginNextButton.swift */ = {isa = PBXFileReference; lastKnownFileType = sourcecode.swift; path = LoginNextButton.swift; sourceTree = "<group>"; };
		11793E752B24AF80008FC22C /* PasswordResetEmailVerificationViewController.swift */ = {isa = PBXFileReference; lastKnownFileType = sourcecode.swift; path = PasswordResetEmailVerificationViewController.swift; sourceTree = "<group>"; };
		11793E772B24B47B008FC22C /* LoginBackButton.swift */ = {isa = PBXFileReference; lastKnownFileType = sourcecode.swift; path = LoginBackButton.swift; sourceTree = "<group>"; };
		11793E7B2B25A40D008FC22C /* PasswordResetNewPasswordViewController.swift */ = {isa = PBXFileReference; lastKnownFileType = sourcecode.swift; path = PasswordResetNewPasswordViewController.swift; sourceTree = "<group>"; };
		119177D72B7E000500A3A4F9 /* EmailVerificationViewModel.swift */ = {isa = PBXFileReference; lastKnownFileType = sourcecode.swift; path = EmailVerificationViewModel.swift; sourceTree = "<group>"; };
		119177D92B7FD14300A3A4F9 /* CreateAccountViewModel.swift */ = {isa = PBXFileReference; lastKnownFileType = sourcecode.swift; path = CreateAccountViewModel.swift; sourceTree = "<group>"; };
		119177DB2B80A81B00A3A4F9 /* PasswordResetViewModel.swift */ = {isa = PBXFileReference; lastKnownFileType = sourcecode.swift; path = PasswordResetViewModel.swift; sourceTree = "<group>"; };
		119177DD2B80D93A00A3A4F9 /* CreateAccountManager.swift */ = {isa = PBXFileReference; lastKnownFileType = sourcecode.swift; path = CreateAccountManager.swift; sourceTree = "<group>"; };
		119177E62B84DF9700A3A4F9 /* Endpoint.swift */ = {isa = PBXFileReference; lastKnownFileType = sourcecode.swift; path = Endpoint.swift; sourceTree = "<group>"; };
		11B0FCE62B483B8600971F9A /* MainViewController.swift */ = {isa = PBXFileReference; lastKnownFileType = sourcecode.swift; path = MainViewController.swift; sourceTree = "<group>"; };
		11B0FCE82B492F5600971F9A /* MainTitleView.swift */ = {isa = PBXFileReference; lastKnownFileType = sourcecode.swift; path = MainTitleView.swift; sourceTree = "<group>"; };
		11B0FCF72B4FD04D00971F9A /* QuestionTableCell.swift */ = {isa = PBXFileReference; lastKnownFileType = sourcecode.swift; path = QuestionTableCell.swift; sourceTree = "<group>"; };
		11B0FCF92B4FD07700971F9A /* CategoryCell.swift */ = {isa = PBXFileReference; lastKnownFileType = sourcecode.swift; path = CategoryCell.swift; sourceTree = "<group>"; };
		11B0FCFB2B4FD0D200971F9A /* Date+Extention.swift */ = {isa = PBXFileReference; lastKnownFileType = sourcecode.swift; path = "Date+Extention.swift"; sourceTree = "<group>"; };
		11B0FCFD2B4FDA4C00971F9A /* IconTextView.swift */ = {isa = PBXFileReference; lastKnownFileType = sourcecode.swift; path = IconTextView.swift; sourceTree = "<group>"; };
		11B0FCFF2B527CC900971F9A /* AddQuestionViewController.swift */ = {isa = PBXFileReference; lastKnownFileType = sourcecode.swift; path = AddQuestionViewController.swift; sourceTree = "<group>"; };
		11B9F3652C10532D008E7597 /* Choice.swift */ = {isa = PBXFileReference; lastKnownFileType = sourcecode.swift; path = Choice.swift; sourceTree = "<group>"; };
		11B9F3682C105B47008E7597 /* QuestionDetailViewController.swift */ = {isa = PBXFileReference; lastKnownFileType = sourcecode.swift; path = QuestionDetailViewController.swift; sourceTree = "<group>"; };
		11B9F36B2C105BB3008E7597 /* PostCell.swift */ = {isa = PBXFileReference; lastKnownFileType = sourcecode.swift; path = PostCell.swift; sourceTree = "<group>"; };
		11B9F36D2C105BD6008E7597 /* ChartHeaderCell.swift */ = {isa = PBXFileReference; lastKnownFileType = sourcecode.swift; path = ChartHeaderCell.swift; sourceTree = "<group>"; };
		11B9F36F2C105C09008E7597 /* ChartBarCell.swift */ = {isa = PBXFileReference; lastKnownFileType = sourcecode.swift; path = ChartBarCell.swift; sourceTree = "<group>"; };
		11B9F3712C105C31008E7597 /* CommentsHeaderCell.swift */ = {isa = PBXFileReference; lastKnownFileType = sourcecode.swift; path = CommentsHeaderCell.swift; sourceTree = "<group>"; };
		11B9F3732C105D45008E7597 /* ReplyTextFieldCell.swift */ = {isa = PBXFileReference; lastKnownFileType = sourcecode.swift; path = ReplyTextFieldCell.swift; sourceTree = "<group>"; };
		11B9F3752C105EAD008E7597 /* ModalViewController.swift */ = {isa = PBXFileReference; lastKnownFileType = sourcecode.swift; path = ModalViewController.swift; sourceTree = "<group>"; };
		11B9F3772C105EE2008E7597 /* SolutionCell.swift */ = {isa = PBXFileReference; lastKnownFileType = sourcecode.swift; path = SolutionCell.swift; sourceTree = "<group>"; };
		11B9F3792C105EFD008E7597 /* ReplyCell.swift */ = {isa = PBXFileReference; lastKnownFileType = sourcecode.swift; path = ReplyCell.swift; sourceTree = "<group>"; };
		11C807D42BA57DE400978CBA /* Ourry-Info.plist */ = {isa = PBXFileReference; lastKnownFileType = text.plist.xml; path = "Ourry-Info.plist"; sourceTree = "<group>"; };
		11C807D72BA58F8200978CBA /* APIKey.swift */ = {isa = PBXFileReference; lastKnownFileType = sourcecode.swift; path = APIKey.swift; sourceTree = "<group>"; };
		11C807D92BA5927100978CBA /* MainViewModel.swift */ = {isa = PBXFileReference; lastKnownFileType = sourcecode.swift; path = MainViewModel.swift; sourceTree = "<group>"; };
		11C807DB2BA5961500978CBA /* ErrorResponse.swift */ = {isa = PBXFileReference; lastKnownFileType = sourcecode.swift; path = ErrorResponse.swift; sourceTree = "<group>"; };
		11C807DD2BA5972300978CBA /* QuestionInfo.swift */ = {isa = PBXFileReference; lastKnownFileType = sourcecode.swift; path = QuestionInfo.swift; sourceTree = "<group>"; };
		11C807E02BA5B04100978CBA /* CommentDivider.swift */ = {isa = PBXFileReference; lastKnownFileType = sourcecode.swift; path = CommentDivider.swift; sourceTree = "<group>"; };
		11C807E22BA5B46100978CBA /* QuestionDetail.swift */ = {isa = PBXFileReference; lastKnownFileType = sourcecode.swift; path = QuestionDetail.swift; sourceTree = "<group>"; };
		11E934272BE8F53E00B43F24 /* QuestionData.swift */ = {isa = PBXFileReference; lastKnownFileType = sourcecode.swift; path = QuestionData.swift; sourceTree = "<group>"; };
		11E934292BE8F65500B43F24 /* AddQuestionViewModel.swift */ = {isa = PBXFileReference; lastKnownFileType = sourcecode.swift; path = AddQuestionViewModel.swift; sourceTree = "<group>"; };
/* End PBXFileReference section */

/* Begin PBXFrameworksBuildPhase section */
		1107A3EC2B3FF026009B1C51 /* Frameworks */ = {
			isa = PBXFrameworksBuildPhase;
			buildActionMask = 2147483647;
			files = (
			);
			runOnlyForDeploymentPostprocessing = 0;
		};
		115E264B2B1618BE00FCBEE8 /* Frameworks */ = {
			isa = PBXFrameworksBuildPhase;
			buildActionMask = 2147483647;
			files = (
				1107A3B12B301024009B1C51 /* Alamofire in Frameworks */,
				112BB60C2BD3768B0077C2D7 /* Then in Frameworks */,
				115E266D2B161EA300FCBEE8 /* SnapKit in Frameworks */,
			);
			runOnlyForDeploymentPostprocessing = 0;
		};
/* End PBXFrameworksBuildPhase section */

/* Begin PBXGroup section */
		1107A3F02B3FF026009B1C51 /* OurryNetworkTests */ = {
			isa = PBXGroup;
			children = (
				1107A3F12B3FF026009B1C51 /* OurryNetworkTests.swift */,
			);
			path = OurryNetworkTests;
			sourceTree = "<group>";
		};
		1107A3FA2B42D7E8009B1C51 /* TestDouble */ = {
			isa = PBXGroup;
			children = (
				1107A3F82B42C9D4009B1C51 /* MockURLProtocol.swift */,
				1107A4192B42E8BB009B1C51 /* json */,
			);
			path = TestDouble;
			sourceTree = "<group>";
		};
		1107A4192B42E8BB009B1C51 /* json */ = {
			isa = PBXGroup;
			children = (
				1107A3FF2B42E6B6009B1C51 /* mock_signup.json */,
				1107A4052B42E79B009B1C51 /* mock_login.json */,
				1107A40D2B42E811009B1C51 /* mock_authRequest.json */,
				1107A40F2B42E835009B1C51 /* mock_authCheck.json */,
				1107A4152B42E892009B1C51 /* mock_pwReset.json */,
				1107A4032B42E74A009B1C51 /* mock_m001.json */,
				1107A4072B42E7B4009B1C51 /* mock_m002.json */,
				1107A4092B42E7C6009B1C51 /* mock_m003.json */,
				1107A40B2B42E7CF009B1C51 /* mock_m004.json */,
				1107A4172B42E8A6009B1C51 /* mock_m005.json */,
				1107A4112B42E856009B1C51 /* mock_m006.json */,
				1107A4132B42E868009B1C51 /* mock_m007.json */,
			);
			path = json;
			sourceTree = "<group>";
		};
		115E26452B1618BE00FCBEE8 = {
			isa = PBXGroup;
			children = (
				115E26502B1618BE00FCBEE8 /* Ourry */,
				1107A3FA2B42D7E8009B1C51 /* TestDouble */,
				1107A3F02B3FF026009B1C51 /* OurryNetworkTests */,
				115E264F2B1618BE00FCBEE8 /* Products */,
			);
			sourceTree = "<group>";
		};
		115E264F2B1618BE00FCBEE8 /* Products */ = {
			isa = PBXGroup;
			children = (
				115E264E2B1618BE00FCBEE8 /* Ourry.app */,
				1107A3EF2B3FF026009B1C51 /* OurryNetworkTests.xctest */,
			);
			name = Products;
			sourceTree = "<group>";
		};
		115E26502B1618BE00FCBEE8 /* Ourry */ = {
			isa = PBXGroup;
			children = (
				11793E562B188361008FC22C /* Managers */,
				115E26672B161BD800FCBEE8 /* Resources */,
				11793E512B1882C3008FC22C /* Models */,
				11793E522B1882FC008FC22C /* Views */,
				11793E592B188394008FC22C /* ViewModels */,
				115E265A2B1618C000FCBEE8 /* Assets.xcassets */,
				11C807D62BA57E2500978CBA /* Config */,
				115E265C2B1618C000FCBEE8 /* LaunchScreen.storyboard */,
				115E265F2B1618C000FCBEE8 /* Info.plist */,
			);
			path = Ourry;
			sourceTree = "<group>";
		};
		115E26672B161BD800FCBEE8 /* Resources */ = {
			isa = PBXGroup;
			children = (
				115E26512B1618BE00FCBEE8 /* AppDelegate.swift */,
				115E26532B1618BE00FCBEE8 /* SceneDelegate.swift */,
				115E26692B161BFE00FCBEE8 /* Color+Extention.swift */,
				11B0FCFB2B4FD0D200971F9A /* Date+Extention.swift */,
				11793E5C2B188459008FC22C /* UIViewController+Extention.swift */,
				112BB61E2BD3C4590077C2D7 /* UITableView+Extention.swift */,
			);
			path = Resources;
			sourceTree = "<group>";
		};
		11793E512B1882C3008FC22C /* Models */ = {
			isa = PBXGroup;
			children = (
				11793E542B188321008FC22C /* User.swift */,
				1107A3AA2B2D8985009B1C51 /* Login.swift */,
				11C807DB2BA5961500978CBA /* ErrorResponse.swift */,
				11C807DD2BA5972300978CBA /* QuestionInfo.swift */,
				11E934272BE8F53E00B43F24 /* QuestionData.swift */,
				11C807E22BA5B46100978CBA /* QuestionDetail.swift */,
				11B9F3652C10532D008E7597 /* Choice.swift */,
			);
			path = Models;
			sourceTree = "<group>";
		};
		11793E522B1882FC008FC22C /* Views */ = {
			isa = PBXGroup;
			children = (
				11B9F3672C105B2A008E7597 /* QuestionDetail */,
				11C807DF2BA5AF3100978CBA /* AddQuestion */,
				11B0FCE52B483B7600971F9A /* Main */,
				11793E702B22EBE3008FC22C /* Components */,
				11793E6D2B22EB42008FC22C /* Member */,
			);
			path = Views;
			sourceTree = "<group>";
		};
		11793E562B188361008FC22C /* Managers */ = {
			isa = PBXGroup;
			children = (
				1107A3A82B2D894C009B1C51 /* LoginManager.swift */,
				1107A3E92B3AAF7C009B1C51 /* PasswordResetManager.swift */,
				119177DD2B80D93A00A3A4F9 /* CreateAccountManager.swift */,
				1102F9902B563DA0009FA539 /* KeychainHelper.swift */,
			);
			path = Managers;
			sourceTree = "<group>";
		};
		11793E592B188394008FC22C /* ViewModels */ = {
			isa = PBXGroup;
			children = (
				11793E5A2B1883AB008FC22C /* LoginViewModel.swift */,
				119177D72B7E000500A3A4F9 /* EmailVerificationViewModel.swift */,
				119177D92B7FD14300A3A4F9 /* CreateAccountViewModel.swift */,
				119177DB2B80A81B00A3A4F9 /* PasswordResetViewModel.swift */,
				11C807D92BA5927100978CBA /* MainViewModel.swift */,
				11E934292BE8F65500B43F24 /* AddQuestionViewModel.swift */,
			);
			path = ViewModels;
			sourceTree = "<group>";
		};
		11793E642B1F1510008FC22C /* SignUp */ = {
			isa = PBXGroup;
			children = (
				1107A3A22B29DF16009B1C51 /* SignUpEmailViewController.swift */,
				1107A3A42B2B327A009B1C51 /* SignUpPasswordViewController.swift */,
				1107A3A62B2B32D4009B1C51 /* SignUpInformationViewController.swift */,
			);
			name = SignUp;
			sourceTree = "<group>";
		};
		11793E6D2B22EB42008FC22C /* Member */ = {
			isa = PBXGroup;
			children = (
				11793E6E2B22EBA8008FC22C /* Login */,
				11793E642B1F1510008FC22C /* SignUp */,
				11793E6F2B22EBB1008FC22C /* PasswordReset */,
			);
			name = Member;
			sourceTree = "<group>";
		};
		11793E6E2B22EBA8008FC22C /* Login */ = {
			isa = PBXGroup;
			children = (
				115E26552B1618BE00FCBEE8 /* LoginViewController.swift */,
			);
			name = Login;
			sourceTree = "<group>";
		};
		11793E6F2B22EBB1008FC22C /* PasswordReset */ = {
			isa = PBXGroup;
			children = (
				11793E752B24AF80008FC22C /* PasswordResetEmailVerificationViewController.swift */,
				11793E7B2B25A40D008FC22C /* PasswordResetNewPasswordViewController.swift */,
			);
			name = PasswordReset;
			sourceTree = "<group>";
		};
		11793E702B22EBE3008FC22C /* Components */ = {
			isa = PBXGroup;
			children = (
				11793E5E2B1885BF008FC22C /* BlueShadowTextField.swift */,
				11793E602B188610008FC22C /* PlaneTextField.swift */,
				11793E732B22F160008FC22C /* LoginNextButton.swift */,
				11793E772B24B47B008FC22C /* LoginBackButton.swift */,
				11C807E02BA5B04100978CBA /* CommentDivider.swift */,
			);
			name = Components;
			sourceTree = "<group>";
		};
		11B0FCE52B483B7600971F9A /* Main */ = {
			isa = PBXGroup;
			children = (
				11B0FCE62B483B8600971F9A /* MainViewController.swift */,
				11B0FCE82B492F5600971F9A /* MainTitleView.swift */,
				11B0FCEE2B4BD35F00971F9A /* MainCell */,
			);
			name = Main;
			sourceTree = "<group>";
		};
		11B0FCEE2B4BD35F00971F9A /* MainCell */ = {
			isa = PBXGroup;
			children = (
				11B0FCF72B4FD04D00971F9A /* QuestionTableCell.swift */,
				11B0FCF92B4FD07700971F9A /* CategoryCell.swift */,
				11B0FCFD2B4FDA4C00971F9A /* IconTextView.swift */,
			);
			name = MainCell;
			sourceTree = "<group>";
		};
		11B9F3672C105B2A008E7597 /* QuestionDetail */ = {
			isa = PBXGroup;
			children = (
				11B9F36A2C105B8C008E7597 /* Cell */,
				11B9F3682C105B47008E7597 /* QuestionDetailViewController.swift */,
				11B9F3752C105EAD008E7597 /* ModalViewController.swift */,
			);
			name = QuestionDetail;
			sourceTree = "<group>";
		};
		11B9F36A2C105B8C008E7597 /* Cell */ = {
			isa = PBXGroup;
			children = (
				11B9F36B2C105BB3008E7597 /* PostCell.swift */,
				11B9F36D2C105BD6008E7597 /* ChartHeaderCell.swift */,
				11B9F36F2C105C09008E7597 /* ChartBarCell.swift */,
				11B9F3712C105C31008E7597 /* CommentsHeaderCell.swift */,
				11B9F3732C105D45008E7597 /* ReplyTextFieldCell.swift */,
				11B9F3772C105EE2008E7597 /* SolutionCell.swift */,
				11B9F3792C105EFD008E7597 /* ReplyCell.swift */,
			);
			name = Cell;
			sourceTree = "<group>";
		};
		11C807D62BA57E2500978CBA /* Config */ = {
			isa = PBXGroup;
			children = (
				119177E62B84DF9700A3A4F9 /* Endpoint.swift */,
				11C807D72BA58F8200978CBA /* APIKey.swift */,
				11C807D42BA57DE400978CBA /* Ourry-Info.plist */,
			);
			path = Config;
			sourceTree = "<group>";
		};
		11C807DF2BA5AF3100978CBA /* AddQuestion */ = {
			isa = PBXGroup;
			children = (
				11B0FCFF2B527CC900971F9A /* AddQuestionViewController.swift */,
				1102F9922B5D49DC009FA539 /* SelectCategoryViewController.swift */,
			);
			name = AddQuestion;
			sourceTree = "<group>";
		};
/* End PBXGroup section */

/* Begin PBXNativeTarget section */
		1107A3EE2B3FF026009B1C51 /* OurryNetworkTests */ = {
			isa = PBXNativeTarget;
			buildConfigurationList = 1107A3F52B3FF026009B1C51 /* Build configuration list for PBXNativeTarget "OurryNetworkTests" */;
			buildPhases = (
				1107A3EB2B3FF026009B1C51 /* Sources */,
				1107A3EC2B3FF026009B1C51 /* Frameworks */,
				1107A3ED2B3FF026009B1C51 /* Resources */,
			);
			buildRules = (
			);
			dependencies = (
				1107A3F42B3FF026009B1C51 /* PBXTargetDependency */,
			);
			name = OurryNetworkTests;
			productName = OurryNetworkTests;
			productReference = 1107A3EF2B3FF026009B1C51 /* OurryNetworkTests.xctest */;
			productType = "com.apple.product-type.bundle.unit-test";
		};
		115E264D2B1618BE00FCBEE8 /* Ourry */ = {
			isa = PBXNativeTarget;
			buildConfigurationList = 115E26622B1618C000FCBEE8 /* Build configuration list for PBXNativeTarget "Ourry" */;
			buildPhases = (
				115E264A2B1618BE00FCBEE8 /* Sources */,
				115E264B2B1618BE00FCBEE8 /* Frameworks */,
				115E264C2B1618BE00FCBEE8 /* Resources */,
			);
			buildRules = (
			);
			dependencies = (
			);
			name = Ourry;
			packageProductDependencies = (
				115E266C2B161EA300FCBEE8 /* SnapKit */,
				1107A3B02B301024009B1C51 /* Alamofire */,
				112BB60B2BD3768B0077C2D7 /* Then */,
			);
			productName = Ourry;
			productReference = 115E264E2B1618BE00FCBEE8 /* Ourry.app */;
			productType = "com.apple.product-type.application";
		};
/* End PBXNativeTarget section */

/* Begin PBXProject section */
		115E26462B1618BE00FCBEE8 /* Project object */ = {
			isa = PBXProject;
			attributes = {
				BuildIndependentTargetsInParallel = 1;
				LastSwiftUpdateCheck = 1510;
				LastUpgradeCheck = 1510;
				TargetAttributes = {
					1107A3EE2B3FF026009B1C51 = {
						CreatedOnToolsVersion = 15.1;
						TestTargetID = 115E264D2B1618BE00FCBEE8;
					};
					115E264D2B1618BE00FCBEE8 = {
						CreatedOnToolsVersion = 14.3;
					};
				};
			};
			buildConfigurationList = 115E26492B1618BE00FCBEE8 /* Build configuration list for PBXProject "Ourry" */;
			compatibilityVersion = "Xcode 14.0";
			developmentRegion = ko;
			hasScannedForEncodings = 0;
			knownRegions = (
				Base,
				ko,
			);
			mainGroup = 115E26452B1618BE00FCBEE8;
			packageReferences = (
				115E266B2B161EA300FCBEE8 /* XCRemoteSwiftPackageReference "SnapKit" */,
				1107A3AF2B301024009B1C51 /* XCRemoteSwiftPackageReference "Alamofire" */,
				112BB60A2BD3768B0077C2D7 /* XCRemoteSwiftPackageReference "Then" */,
			);
			productRefGroup = 115E264F2B1618BE00FCBEE8 /* Products */;
			projectDirPath = "";
			projectRoot = "";
			targets = (
				115E264D2B1618BE00FCBEE8 /* Ourry */,
				1107A3EE2B3FF026009B1C51 /* OurryNetworkTests */,
			);
		};
/* End PBXProject section */

/* Begin PBXResourcesBuildPhase section */
		1107A3ED2B3FF026009B1C51 /* Resources */ = {
			isa = PBXResourcesBuildPhase;
			buildActionMask = 2147483647;
			files = (
				1107A4012B42E6D5009B1C51 /* mock_signup.json in Resources */,
			);
			runOnlyForDeploymentPostprocessing = 0;
		};
		115E264C2B1618BE00FCBEE8 /* Resources */ = {
			isa = PBXResourcesBuildPhase;
			buildActionMask = 2147483647;
			files = (
				1107A4122B42E856009B1C51 /* mock_m006.json in Resources */,
				1107A4162B42E892009B1C51 /* mock_pwReset.json in Resources */,
				1107A40C2B42E7CF009B1C51 /* mock_m004.json in Resources */,
				1107A4082B42E7B4009B1C51 /* mock_m002.json in Resources */,
				115E265E2B1618C000FCBEE8 /* LaunchScreen.storyboard in Resources */,
				1107A40A2B42E7C6009B1C51 /* mock_m003.json in Resources */,
				1107A4042B42E74A009B1C51 /* mock_m001.json in Resources */,
				1107A4022B42E6E0009B1C51 /* mock_signup.json in Resources */,
				1107A4102B42E835009B1C51 /* mock_authCheck.json in Resources */,
				1107A40E2B42E811009B1C51 /* mock_authRequest.json in Resources */,
				1107A4062B42E79B009B1C51 /* mock_login.json in Resources */,
				1107A4182B42E8A6009B1C51 /* mock_m005.json in Resources */,
				11C807D52BA57DE400978CBA /* Ourry-Info.plist in Resources */,
				115E265B2B1618C000FCBEE8 /* Assets.xcassets in Resources */,
				1107A4142B42E868009B1C51 /* mock_m007.json in Resources */,
			);
			runOnlyForDeploymentPostprocessing = 0;
		};
/* End PBXResourcesBuildPhase section */

/* Begin PBXSourcesBuildPhase section */
		1107A3EB2B3FF026009B1C51 /* Sources */ = {
			isa = PBXSourcesBuildPhase;
			buildActionMask = 2147483647;
			files = (
				1107A3F22B3FF026009B1C51 /* OurryNetworkTests.swift in Sources */,
			);
			runOnlyForDeploymentPostprocessing = 0;
		};
		115E264A2B1618BE00FCBEE8 /* Sources */ = {
			isa = PBXSourcesBuildPhase;
			buildActionMask = 2147483647;
			files = (
				11C807DC2BA5961500978CBA /* ErrorResponse.swift in Sources */,
				11B0FCE92B492F5600971F9A /* MainTitleView.swift in Sources */,
				119177DE2B80D93A00A3A4F9 /* CreateAccountManager.swift in Sources */,
				115E266A2B161BFE00FCBEE8 /* Color+Extention.swift in Sources */,
				11C807E32BA5B46100978CBA /* QuestionDetail.swift in Sources */,
				1102F9932B5D49DC009FA539 /* SelectCategoryViewController.swift in Sources */,
				11B9F3742C105D45008E7597 /* ReplyTextFieldCell.swift in Sources */,
				11C807E12BA5B04100978CBA /* CommentDivider.swift in Sources */,
				11B9F3722C105C31008E7597 /* CommentsHeaderCell.swift in Sources */,
				11B0FD002B527CC900971F9A /* AddQuestionViewController.swift in Sources */,
				11793E742B22F160008FC22C /* LoginNextButton.swift in Sources */,
				1107A3F92B42C9D4009B1C51 /* MockURLProtocol.swift in Sources */,
				11793E782B24B47B008FC22C /* LoginBackButton.swift in Sources */,
				115E26562B1618BE00FCBEE8 /* LoginViewController.swift in Sources */,
				11793E7C2B25A40D008FC22C /* PasswordResetNewPasswordViewController.swift in Sources */,
				11E9342A2BE8F65500B43F24 /* AddQuestionViewModel.swift in Sources */,
				11B0FCFE2B4FDA4C00971F9A /* IconTextView.swift in Sources */,
				11C807DA2BA5927100978CBA /* MainViewModel.swift in Sources */,
				11B9F3662C10532D008E7597 /* Choice.swift in Sources */,
				11793E5D2B188459008FC22C /* UIViewController+Extention.swift in Sources */,
				1107A3A32B29DF16009B1C51 /* SignUpEmailViewController.swift in Sources */,
				115E26522B1618BE00FCBEE8 /* AppDelegate.swift in Sources */,
				11B9F3782C105EE2008E7597 /* SolutionCell.swift in Sources */,
				11B9F3702C105C09008E7597 /* ChartBarCell.swift in Sources */,
				1107A3A92B2D894C009B1C51 /* LoginManager.swift in Sources */,
				11B9F36C2C105BB3008E7597 /* PostCell.swift in Sources */,
				11B9F36E2C105BD6008E7597 /* ChartHeaderCell.swift in Sources */,
				11B0FCF82B4FD04D00971F9A /* QuestionTableCell.swift in Sources */,
				119177E72B84DF9700A3A4F9 /* Endpoint.swift in Sources */,
				1107A3A72B2B32D4009B1C51 /* SignUpInformationViewController.swift in Sources */,
				112BB61F2BD3C4590077C2D7 /* UITableView+Extention.swift in Sources */,
				1107A3AB2B2D8985009B1C51 /* Login.swift in Sources */,
				11E934282BE8F53E00B43F24 /* QuestionData.swift in Sources */,
				1102F9912B563DA0009FA539 /* KeychainHelper.swift in Sources */,
				119177DC2B80A81B00A3A4F9 /* PasswordResetViewModel.swift in Sources */,
				11B9F37A2C105EFD008E7597 /* ReplyCell.swift in Sources */,
				1107A3EA2B3AAF7C009B1C51 /* PasswordResetManager.swift in Sources */,
				11B9F3692C105B47008E7597 /* QuestionDetailViewController.swift in Sources */,
				11B0FCE72B483B8600971F9A /* MainViewController.swift in Sources */,
				11793E612B188610008FC22C /* PlaneTextField.swift in Sources */,
				11793E762B24AF80008FC22C /* PasswordResetEmailVerificationViewController.swift in Sources */,
				11793E552B188321008FC22C /* User.swift in Sources */,
				11B9F3762C105EAD008E7597 /* ModalViewController.swift in Sources */,
				11793E5F2B1885BF008FC22C /* BlueShadowTextField.swift in Sources */,
				11C807DE2BA5972300978CBA /* QuestionInfo.swift in Sources */,
				119177DA2B7FD14300A3A4F9 /* CreateAccountViewModel.swift in Sources */,
				1107A3A52B2B327A009B1C51 /* SignUpPasswordViewController.swift in Sources */,
				11B0FCFC2B4FD0D200971F9A /* Date+Extention.swift in Sources */,
				119177D82B7E000500A3A4F9 /* EmailVerificationViewModel.swift in Sources */,
				115E26542B1618BE00FCBEE8 /* SceneDelegate.swift in Sources */,
				11793E5B2B1883AB008FC22C /* LoginViewModel.swift in Sources */,
				11C807D82BA58F8200978CBA /* APIKey.swift in Sources */,
				11B0FCFA2B4FD07700971F9A /* CategoryCell.swift in Sources */,
			);
			runOnlyForDeploymentPostprocessing = 0;
		};
/* End PBXSourcesBuildPhase section */

/* Begin PBXTargetDependency section */
		1107A3F42B3FF026009B1C51 /* PBXTargetDependency */ = {
			isa = PBXTargetDependency;
			target = 115E264D2B1618BE00FCBEE8 /* Ourry */;
			targetProxy = 1107A3F32B3FF026009B1C51 /* PBXContainerItemProxy */;
		};
/* End PBXTargetDependency section */

/* Begin PBXVariantGroup section */
		115E265C2B1618C000FCBEE8 /* LaunchScreen.storyboard */ = {
			isa = PBXVariantGroup;
			children = (
				115E265D2B1618C000FCBEE8 /* Base */,
				115E26662B1618E800FCBEE8 /* ko */,
			);
			name = LaunchScreen.storyboard;
			sourceTree = "<group>";
		};
/* End PBXVariantGroup section */

/* Begin XCBuildConfiguration section */
		1107A3F62B3FF026009B1C51 /* Debug */ = {
			isa = XCBuildConfiguration;
			buildSettings = {
				ASSETCATALOG_COMPILER_GENERATE_SWIFT_ASSET_SYMBOL_EXTENSIONS = YES;
				BUNDLE_LOADER = "$(TEST_HOST)";
				CODE_SIGN_STYLE = Automatic;
				CURRENT_PROJECT_VERSION = 1;
				DEAD_CODE_STRIPPING = YES;
				DEVELOPMENT_TEAM = 9FDS8R22C5;
				ENABLE_USER_SCRIPT_SANDBOXING = YES;
				GCC_C_LANGUAGE_STANDARD = gnu17;
				GENERATE_INFOPLIST_FILE = YES;
				IPHONEOS_DEPLOYMENT_TARGET = 16.6;
				LOCALIZATION_PREFERS_STRING_CATALOGS = YES;
				MACOSX_DEPLOYMENT_TARGET = 14.1;
				MARKETING_VERSION = 1.0;
				PRODUCT_BUNDLE_IDENTIFIER = com.seojang22.OurryNetworkTests;
				PRODUCT_NAME = "$(TARGET_NAME)";
				SDKROOT = auto;
				SUPPORTED_PLATFORMS = "iphoneos iphonesimulator";
				SUPPORTS_MACCATALYST = NO;
				SWIFT_ACTIVE_COMPILATION_CONDITIONS = "DEBUG $(inherited)";
				SWIFT_EMIT_LOC_STRINGS = NO;
				SWIFT_VERSION = 5.0;
				TARGETED_DEVICE_FAMILY = 1;
				TEST_HOST = "$(BUILT_PRODUCTS_DIR)/Ourry.app/$(BUNDLE_EXECUTABLE_FOLDER_PATH)/Ourry";
			};
			name = Debug;
		};
		1107A3F72B3FF026009B1C51 /* Release */ = {
			isa = XCBuildConfiguration;
			buildSettings = {
				ASSETCATALOG_COMPILER_GENERATE_SWIFT_ASSET_SYMBOL_EXTENSIONS = YES;
				BUNDLE_LOADER = "$(TEST_HOST)";
				CODE_SIGN_STYLE = Automatic;
				CURRENT_PROJECT_VERSION = 1;
				DEAD_CODE_STRIPPING = YES;
				DEVELOPMENT_TEAM = 9FDS8R22C5;
				ENABLE_USER_SCRIPT_SANDBOXING = YES;
				GCC_C_LANGUAGE_STANDARD = gnu17;
				GENERATE_INFOPLIST_FILE = YES;
				IPHONEOS_DEPLOYMENT_TARGET = 16.6;
				LOCALIZATION_PREFERS_STRING_CATALOGS = YES;
				MACOSX_DEPLOYMENT_TARGET = 14.1;
				MARKETING_VERSION = 1.0;
				PRODUCT_BUNDLE_IDENTIFIER = com.seojang22.OurryNetworkTests;
				PRODUCT_NAME = "$(TARGET_NAME)";
				SDKROOT = auto;
				SUPPORTED_PLATFORMS = "iphoneos iphonesimulator";
				SUPPORTS_MACCATALYST = NO;
				SWIFT_EMIT_LOC_STRINGS = NO;
				SWIFT_VERSION = 5.0;
				TARGETED_DEVICE_FAMILY = 1;
				TEST_HOST = "$(BUILT_PRODUCTS_DIR)/Ourry.app/$(BUNDLE_EXECUTABLE_FOLDER_PATH)/Ourry";
			};
			name = Release;
		};
		115E26602B1618C000FCBEE8 /* Debug */ = {
			isa = XCBuildConfiguration;
			buildSettings = {
				ALWAYS_SEARCH_USER_PATHS = NO;
				CLANG_ANALYZER_LOCALIZABILITY_NONLOCALIZED = YES;
				CLANG_ANALYZER_NONNULL = YES;
				CLANG_ANALYZER_NUMBER_OBJECT_CONVERSION = YES_AGGRESSIVE;
				CLANG_CXX_LANGUAGE_STANDARD = "gnu++20";
				CLANG_ENABLE_MODULES = YES;
				CLANG_ENABLE_OBJC_ARC = YES;
				CLANG_ENABLE_OBJC_WEAK = YES;
				CLANG_WARN_BLOCK_CAPTURE_AUTORELEASING = YES;
				CLANG_WARN_BOOL_CONVERSION = YES;
				CLANG_WARN_COMMA = YES;
				CLANG_WARN_CONSTANT_CONVERSION = YES;
				CLANG_WARN_DEPRECATED_OBJC_IMPLEMENTATIONS = YES;
				CLANG_WARN_DIRECT_OBJC_ISA_USAGE = YES_ERROR;
				CLANG_WARN_DOCUMENTATION_COMMENTS = YES;
				CLANG_WARN_EMPTY_BODY = YES;
				CLANG_WARN_ENUM_CONVERSION = YES;
				CLANG_WARN_INFINITE_RECURSION = YES;
				CLANG_WARN_INT_CONVERSION = YES;
				CLANG_WARN_NON_LITERAL_NULL_CONVERSION = YES;
				CLANG_WARN_OBJC_IMPLICIT_RETAIN_SELF = YES;
				CLANG_WARN_OBJC_LITERAL_CONVERSION = YES;
				CLANG_WARN_OBJC_ROOT_CLASS = YES_ERROR;
				CLANG_WARN_QUOTED_INCLUDE_IN_FRAMEWORK_HEADER = YES;
				CLANG_WARN_RANGE_LOOP_ANALYSIS = YES;
				CLANG_WARN_STRICT_PROTOTYPES = YES;
				CLANG_WARN_SUSPICIOUS_MOVE = YES;
				CLANG_WARN_UNGUARDED_AVAILABILITY = YES_AGGRESSIVE;
				CLANG_WARN_UNREACHABLE_CODE = YES;
				CLANG_WARN__DUPLICATE_METHOD_MATCH = YES;
				COPY_PHASE_STRIP = NO;
				DEBUG_INFORMATION_FORMAT = dwarf;
				ENABLE_STRICT_OBJC_MSGSEND = YES;
				ENABLE_TESTABILITY = YES;
				ENABLE_TESTING_SEARCH_PATHS = YES;
				GCC_C_LANGUAGE_STANDARD = gnu11;
				GCC_DYNAMIC_NO_PIC = NO;
				GCC_NO_COMMON_BLOCKS = YES;
				GCC_OPTIMIZATION_LEVEL = 0;
				GCC_PREPROCESSOR_DEFINITIONS = (
					"DEBUG=1",
					"$(inherited)",
				);
				GCC_WARN_64_TO_32_BIT_CONVERSION = YES;
				GCC_WARN_ABOUT_RETURN_TYPE = YES_ERROR;
				GCC_WARN_UNDECLARED_SELECTOR = YES;
				GCC_WARN_UNINITIALIZED_AUTOS = YES_AGGRESSIVE;
				GCC_WARN_UNUSED_FUNCTION = YES;
				GCC_WARN_UNUSED_VARIABLE = YES;
				IPHONEOS_DEPLOYMENT_TARGET = 16.4;
				MTL_ENABLE_DEBUG_INFO = INCLUDE_SOURCE;
				MTL_FAST_MATH = YES;
				ONLY_ACTIVE_ARCH = YES;
				SDKROOT = iphoneos;
				SWIFT_ACTIVE_COMPILATION_CONDITIONS = DEBUG;
				SWIFT_OPTIMIZATION_LEVEL = "-Onone";
				VALIDATE_PRODUCT = NO;
			};
			name = Debug;
		};
		115E26612B1618C000FCBEE8 /* Release */ = {
			isa = XCBuildConfiguration;
			buildSettings = {
				ALWAYS_SEARCH_USER_PATHS = NO;
				CLANG_ANALYZER_LOCALIZABILITY_NONLOCALIZED = YES;
				CLANG_ANALYZER_NONNULL = YES;
				CLANG_ANALYZER_NUMBER_OBJECT_CONVERSION = YES_AGGRESSIVE;
				CLANG_CXX_LANGUAGE_STANDARD = "gnu++20";
				CLANG_ENABLE_MODULES = YES;
				CLANG_ENABLE_OBJC_ARC = YES;
				CLANG_ENABLE_OBJC_WEAK = YES;
				CLANG_WARN_BLOCK_CAPTURE_AUTORELEASING = YES;
				CLANG_WARN_BOOL_CONVERSION = YES;
				CLANG_WARN_COMMA = YES;
				CLANG_WARN_CONSTANT_CONVERSION = YES;
				CLANG_WARN_DEPRECATED_OBJC_IMPLEMENTATIONS = YES;
				CLANG_WARN_DIRECT_OBJC_ISA_USAGE = YES_ERROR;
				CLANG_WARN_DOCUMENTATION_COMMENTS = YES;
				CLANG_WARN_EMPTY_BODY = YES;
				CLANG_WARN_ENUM_CONVERSION = YES;
				CLANG_WARN_INFINITE_RECURSION = YES;
				CLANG_WARN_INT_CONVERSION = YES;
				CLANG_WARN_NON_LITERAL_NULL_CONVERSION = YES;
				CLANG_WARN_OBJC_IMPLICIT_RETAIN_SELF = YES;
				CLANG_WARN_OBJC_LITERAL_CONVERSION = YES;
				CLANG_WARN_OBJC_ROOT_CLASS = YES_ERROR;
				CLANG_WARN_QUOTED_INCLUDE_IN_FRAMEWORK_HEADER = YES;
				CLANG_WARN_RANGE_LOOP_ANALYSIS = YES;
				CLANG_WARN_STRICT_PROTOTYPES = YES;
				CLANG_WARN_SUSPICIOUS_MOVE = YES;
				CLANG_WARN_UNGUARDED_AVAILABILITY = YES_AGGRESSIVE;
				CLANG_WARN_UNREACHABLE_CODE = YES;
				CLANG_WARN__DUPLICATE_METHOD_MATCH = YES;
				COPY_PHASE_STRIP = NO;
				DEBUG_INFORMATION_FORMAT = "dwarf-with-dsym";
				ENABLE_NS_ASSERTIONS = NO;
				ENABLE_STRICT_OBJC_MSGSEND = YES;
				ENABLE_TESTABILITY = YES;
				ENABLE_TESTING_SEARCH_PATHS = YES;
				GCC_C_LANGUAGE_STANDARD = gnu11;
				GCC_NO_COMMON_BLOCKS = YES;
				GCC_WARN_64_TO_32_BIT_CONVERSION = YES;
				GCC_WARN_ABOUT_RETURN_TYPE = YES_ERROR;
				GCC_WARN_UNDECLARED_SELECTOR = YES;
				GCC_WARN_UNINITIALIZED_AUTOS = YES_AGGRESSIVE;
				GCC_WARN_UNUSED_FUNCTION = YES;
				GCC_WARN_UNUSED_VARIABLE = YES;
				IPHONEOS_DEPLOYMENT_TARGET = 16.4;
				MTL_ENABLE_DEBUG_INFO = NO;
				MTL_FAST_MATH = YES;
				SDKROOT = iphoneos;
				SWIFT_COMPILATION_MODE = wholemodule;
				SWIFT_OPTIMIZATION_LEVEL = "-O";
				VALIDATE_PRODUCT = YES;
			};
			name = Release;
		};
		115E26632B1618C000FCBEE8 /* Debug */ = {
			isa = XCBuildConfiguration;
			buildSettings = {
				ASSETCATALOG_COMPILER_APPICON_NAME = AppIcon;
				ASSETCATALOG_COMPILER_GLOBAL_ACCENT_COLOR_NAME = AccentColor;
				CODE_SIGN_STYLE = Automatic;
				CURRENT_PROJECT_VERSION = 1;
				DEVELOPMENT_TEAM = 9FDS8R22C5;
				GENERATE_INFOPLIST_FILE = YES;
				INFOPLIST_FILE = Ourry/Info.plist;
				INFOPLIST_KEY_UIApplicationSupportsIndirectInputEvents = YES;
				INFOPLIST_KEY_UILaunchStoryboardName = LaunchScreen;
				INFOPLIST_KEY_UISupportedInterfaceOrientations_iPad = "UIInterfaceOrientationPortrait UIInterfaceOrientationPortraitUpsideDown UIInterfaceOrientationLandscapeLeft UIInterfaceOrientationLandscapeRight";
				INFOPLIST_KEY_UISupportedInterfaceOrientations_iPhone = "UIInterfaceOrientationPortrait UIInterfaceOrientationLandscapeLeft UIInterfaceOrientationLandscapeRight";
				IPHONEOS_DEPLOYMENT_TARGET = 16.4;
				LD_RUNPATH_SEARCH_PATHS = (
					"$(inherited)",
					"@executable_path/Frameworks",
				);
				MARKETING_VERSION = 1.0;
				PRODUCT_BUNDLE_IDENTIFIER = com.seojang22.Ourry;
				PRODUCT_NAME = "$(TARGET_NAME)";
				SUPPORTED_PLATFORMS = "iphoneos iphonesimulator";
				SUPPORTS_MACCATALYST = NO;
				SUPPORTS_MAC_DESIGNED_FOR_IPHONE_IPAD = NO;
				SWIFT_EMIT_LOC_STRINGS = YES;
				SWIFT_VERSION = 5.0;
				TARGETED_DEVICE_FAMILY = 1;
			};
			name = Debug;
		};
		115E26642B1618C000FCBEE8 /* Release */ = {
			isa = XCBuildConfiguration;
			buildSettings = {
				ASSETCATALOG_COMPILER_APPICON_NAME = AppIcon;
				ASSETCATALOG_COMPILER_GLOBAL_ACCENT_COLOR_NAME = AccentColor;
				CODE_SIGN_STYLE = Automatic;
				CURRENT_PROJECT_VERSION = 1;
				DEVELOPMENT_TEAM = 9FDS8R22C5;
				GENERATE_INFOPLIST_FILE = YES;
				INFOPLIST_FILE = Ourry/Info.plist;
				INFOPLIST_KEY_UIApplicationSupportsIndirectInputEvents = YES;
				INFOPLIST_KEY_UILaunchStoryboardName = LaunchScreen;
				INFOPLIST_KEY_UISupportedInterfaceOrientations_iPad = "UIInterfaceOrientationPortrait UIInterfaceOrientationPortraitUpsideDown UIInterfaceOrientationLandscapeLeft UIInterfaceOrientationLandscapeRight";
				INFOPLIST_KEY_UISupportedInterfaceOrientations_iPhone = "UIInterfaceOrientationPortrait UIInterfaceOrientationLandscapeLeft UIInterfaceOrientationLandscapeRight";
				IPHONEOS_DEPLOYMENT_TARGET = 16.4;
				LD_RUNPATH_SEARCH_PATHS = (
					"$(inherited)",
					"@executable_path/Frameworks",
				);
				MARKETING_VERSION = 1.0;
				PRODUCT_BUNDLE_IDENTIFIER = com.seojang22.Ourry;
				PRODUCT_NAME = "$(TARGET_NAME)";
				SUPPORTED_PLATFORMS = "iphoneos iphonesimulator";
				SUPPORTS_MACCATALYST = NO;
				SUPPORTS_MAC_DESIGNED_FOR_IPHONE_IPAD = NO;
				SWIFT_EMIT_LOC_STRINGS = YES;
				SWIFT_VERSION = 5.0;
				TARGETED_DEVICE_FAMILY = 1;
			};
			name = Release;
		};
/* End XCBuildConfiguration section */

/* Begin XCConfigurationList section */
		1107A3F52B3FF026009B1C51 /* Build configuration list for PBXNativeTarget "OurryNetworkTests" */ = {
			isa = XCConfigurationList;
			buildConfigurations = (
				1107A3F62B3FF026009B1C51 /* Debug */,
				1107A3F72B3FF026009B1C51 /* Release */,
			);
			defaultConfigurationIsVisible = 0;
			defaultConfigurationName = Release;
		};
		115E26492B1618BE00FCBEE8 /* Build configuration list for PBXProject "Ourry" */ = {
			isa = XCConfigurationList;
			buildConfigurations = (
				115E26602B1618C000FCBEE8 /* Debug */,
				115E26612B1618C000FCBEE8 /* Release */,
			);
			defaultConfigurationIsVisible = 0;
			defaultConfigurationName = Release;
		};
		115E26622B1618C000FCBEE8 /* Build configuration list for PBXNativeTarget "Ourry" */ = {
			isa = XCConfigurationList;
			buildConfigurations = (
				115E26632B1618C000FCBEE8 /* Debug */,
				115E26642B1618C000FCBEE8 /* Release */,
			);
			defaultConfigurationIsVisible = 0;
			defaultConfigurationName = Release;
		};
/* End XCConfigurationList section */

/* Begin XCRemoteSwiftPackageReference section */
		1107A3AF2B301024009B1C51 /* XCRemoteSwiftPackageReference "Alamofire" */ = {
			isa = XCRemoteSwiftPackageReference;
			repositoryURL = "https://github.com/Alamofire/Alamofire.git";
			requirement = {
				kind = upToNextMajorVersion;
				minimumVersion = 5.8.1;
			};
		};
		112BB60A2BD3768B0077C2D7 /* XCRemoteSwiftPackageReference "Then" */ = {
			isa = XCRemoteSwiftPackageReference;
			repositoryURL = "https://github.com/devxoul/Then";
			requirement = {
				kind = upToNextMajorVersion;
				minimumVersion = 3.0.0;
			};
		};
		115E266B2B161EA300FCBEE8 /* XCRemoteSwiftPackageReference "SnapKit" */ = {
			isa = XCRemoteSwiftPackageReference;
			repositoryURL = "https://github.com/SnapKit/SnapKit.git";
			requirement = {
				kind = upToNextMajorVersion;
				minimumVersion = 5.0.0;
			};
		};
/* End XCRemoteSwiftPackageReference section */

/* Begin XCSwiftPackageProductDependency section */
		1107A3B02B301024009B1C51 /* Alamofire */ = {
			isa = XCSwiftPackageProductDependency;
			package = 1107A3AF2B301024009B1C51 /* XCRemoteSwiftPackageReference "Alamofire" */;
			productName = Alamofire;
		};
		112BB60B2BD3768B0077C2D7 /* Then */ = {
			isa = XCSwiftPackageProductDependency;
			package = 112BB60A2BD3768B0077C2D7 /* XCRemoteSwiftPackageReference "Then" */;
			productName = Then;
		};
		115E266C2B161EA300FCBEE8 /* SnapKit */ = {
			isa = XCSwiftPackageProductDependency;
			package = 115E266B2B161EA300FCBEE8 /* XCRemoteSwiftPackageReference "SnapKit" */;
			productName = SnapKit;
		};
/* End XCSwiftPackageProductDependency section */
	};
	rootObject = 115E26462B1618BE00FCBEE8 /* Project object */;
}
